// !$*UTF8*$!
{
	archiveVersion = 1;
	classes = {
	};
	objectVersion = 77;
	objects = {

/* Begin PBXBuildFile section */
		EA3E8CF42DC8169F00964DE0 /* TODO.md in Resources */ = {isa = PBXBuildFile; fileRef = EA3E8CF32DC8169800964DE0 /* TODO.md */; };
/* End PBXBuildFile section */

/* Begin PBXContainerItemProxy section */
		EA3E8CA32DC7D6CD00964DE0 /* PBXContainerItemProxy */ = {
			isa = PBXContainerItemProxy;
			containerPortal = EA3E8C8C2DC7D6C800964DE0 /* Project object */;
			proxyType = 1;
			remoteGlobalIDString = EA3E8C932DC7D6C800964DE0;
			remoteInfo = "Kanban LiteSnap";
		};
		EA3E8CAD2DC7D6CD00964DE0 /* PBXContainerItemProxy */ = {
			isa = PBXContainerItemProxy;
			containerPortal = EA3E8C8C2DC7D6C800964DE0 /* Project object */;
			proxyType = 1;
			remoteGlobalIDString = EA3E8C932DC7D6C800964DE0;
			remoteInfo = "Kanban LiteSnap";
		};
/* End PBXContainerItemProxy section */

/* Begin PBXFileReference section */
		EA3E8C942DC7D6C800964DE0 /* KanbanLiteSnap.app */ = {isa = PBXFileReference; explicitFileType = wrapper.application; includeInIndex = 0; path = KanbanLiteSnap.app; sourceTree = BUILT_PRODUCTS_DIR; };
		EA3E8CA22DC7D6CD00964DE0 /* KanbanLiteSnapTests.xctest */ = {isa = PBXFileReference; explicitFileType = wrapper.cfbundle; includeInIndex = 0; path = KanbanLiteSnapTests.xctest; sourceTree = BUILT_PRODUCTS_DIR; };
		EA3E8CAC2DC7D6CD00964DE0 /* KanbanLiteSnapUITests.xctest */ = {isa = PBXFileReference; explicitFileType = wrapper.cfbundle; includeInIndex = 0; path = KanbanLiteSnapUITests.xctest; sourceTree = BUILT_PRODUCTS_DIR; };
		EA3E8CF32DC8169800964DE0 /* TODO.md */ = {isa = PBXFileReference; lastKnownFileType = net.daringfireball.markdown; path = TODO.md; sourceTree = "<group>"; };
/* End PBXFileReference section */

/* Begin PBXFileSystemSynchronizedRootGroup section */
		EA3E8C962DC7D6C800964DE0 /* KanbanLiteSnap */ = {
			isa = PBXFileSystemSynchronizedRootGroup;
			path = KanbanLiteSnap;
			sourceTree = "<group>";
		};
		EA3E8CA52DC7D6CD00964DE0 /* Kanban LiteSnapTests */ = {
			isa = PBXFileSystemSynchronizedRootGroup;
			path = "Kanban LiteSnapTests";
			sourceTree = "<group>";
		};
		EA3E8CAF2DC7D6CD00964DE0 /* Kanban LiteSnapUITests */ = {
			isa = PBXFileSystemSynchronizedRootGroup;
			path = "Kanban LiteSnapUITests";
			sourceTree = "<group>";
		};
/* End PBXFileSystemSynchronizedRootGroup section */

/* Begin PBXFrameworksBuildPhase section */
		EA3E8C912DC7D6C800964DE0 /* Frameworks */ = {
			isa = PBXFrameworksBuildPhase;
			buildActionMask = 2147483647;
			files = (
			);
			runOnlyForDeploymentPostprocessing = 0;
		};
		EA3E8C9F2DC7D6CD00964DE0 /* Frameworks */ = {
			isa = PBXFrameworksBuildPhase;
			buildActionMask = 2147483647;
			files = (
			);
			runOnlyForDeploymentPostprocessing = 0;
		};
		EA3E8CA92DC7D6CD00964DE0 /* Frameworks */ = {
			isa = PBXFrameworksBuildPhase;
			buildActionMask = 2147483647;
			files = (
			);
			runOnlyForDeploymentPostprocessing = 0;
		};
/* End PBXFrameworksBuildPhase section */

/* Begin PBXGroup section */
		EA3E8C8B2DC7D6C800964DE0 = {
			isa = PBXGroup;
			children = (
				EA3E8CF32DC8169800964DE0 /* TODO.md */,
				EA3E8C962DC7D6C800964DE0 /* KanbanLiteSnap */,
				EA3E8CA52DC7D6CD00964DE0 /* Kanban LiteSnapTests */,
				EA3E8CAF2DC7D6CD00964DE0 /* Kanban LiteSnapUITests */,
				EA3E8C952DC7D6C800964DE0 /* Products */,
			);
			sourceTree = "<group>";
		};
		EA3E8C952DC7D6C800964DE0 /* Products */ = {
			isa = PBXGroup;
			children = (
				EA3E8C942DC7D6C800964DE0 /* KanbanLiteSnap.app */,
				EA3E8CA22DC7D6CD00964DE0 /* KanbanLiteSnapTests.xctest */,
				EA3E8CAC2DC7D6CD00964DE0 /* KanbanLiteSnapUITests.xctest */,
			);
			name = Products;
			sourceTree = "<group>";
		};
/* End PBXGroup section */

/* Begin PBXNativeTarget section */
		EA3E8C932DC7D6C800964DE0 /* KanbanLiteSnap */ = {
			isa = PBXNativeTarget;
			buildConfigurationList = EA3E8CB62DC7D6CD00964DE0 /* Build configuration list for PBXNativeTarget "KanbanLiteSnap" */;
			buildPhases = (
				EA3E8C902DC7D6C800964DE0 /* Sources */,
				EA3E8C912DC7D6C800964DE0 /* Frameworks */,
				EA3E8C922DC7D6C800964DE0 /* Resources */,
			);
			buildRules = (
			);
			dependencies = (
			);
			fileSystemSynchronizedGroups = (
				EA3E8C962DC7D6C800964DE0 /* KanbanLiteSnap */,
			);
			name = KanbanLiteSnap;
			packageProductDependencies = (
			);
			productName = "Kanban LiteSnap";
			productReference = EA3E8C942DC7D6C800964DE0 /* KanbanLiteSnap.app */;
			productType = "com.apple.product-type.application";
		};
		EA3E8CA12DC7D6CD00964DE0 /* KanbanLiteSnapTests */ = {
			isa = PBXNativeTarget;
			buildConfigurationList = EA3E8CB92DC7D6CD00964DE0 /* Build configuration list for PBXNativeTarget "KanbanLiteSnapTests" */;
			buildPhases = (
				EA3E8C9E2DC7D6CD00964DE0 /* Sources */,
				EA3E8C9F2DC7D6CD00964DE0 /* Frameworks */,
				EA3E8CA02DC7D6CD00964DE0 /* Resources */,
			);
			buildRules = (
			);
			dependencies = (
				EA3E8CA42DC7D6CD00964DE0 /* PBXTargetDependency */,
			);
			fileSystemSynchronizedGroups = (
				EA3E8CA52DC7D6CD00964DE0 /* Kanban LiteSnapTests */,
			);
			name = KanbanLiteSnapTests;
			packageProductDependencies = (
			);
			productName = "Kanban LiteSnapTests";
			productReference = EA3E8CA22DC7D6CD00964DE0 /* KanbanLiteSnapTests.xctest */;
			productType = "com.apple.product-type.bundle.unit-test";
		};
		EA3E8CAB2DC7D6CD00964DE0 /* KanbanLiteSnapUITests */ = {
			isa = PBXNativeTarget;
			buildConfigurationList = EA3E8CBC2DC7D6CD00964DE0 /* Build configuration list for PBXNativeTarget "KanbanLiteSnapUITests" */;
			buildPhases = (
				EA3E8CA82DC7D6CD00964DE0 /* Sources */,
				EA3E8CA92DC7D6CD00964DE0 /* Frameworks */,
				EA3E8CAA2DC7D6CD00964DE0 /* Resources */,
			);
			buildRules = (
			);
			dependencies = (
				EA3E8CAE2DC7D6CD00964DE0 /* PBXTargetDependency */,
			);
			fileSystemSynchronizedGroups = (
				EA3E8CAF2DC7D6CD00964DE0 /* Kanban LiteSnapUITests */,
			);
			name = KanbanLiteSnapUITests;
			packageProductDependencies = (
			);
			productName = "Kanban LiteSnapUITests";
			productReference = EA3E8CAC2DC7D6CD00964DE0 /* KanbanLiteSnapUITests.xctest */;
			productType = "com.apple.product-type.bundle.ui-testing";
		};
/* End PBXNativeTarget section */

/* Begin PBXProject section */
		EA3E8C8C2DC7D6C800964DE0 /* Project object */ = {
			isa = PBXProject;
			attributes = {
				BuildIndependentTargetsInParallel = 1;
				LastSwiftUpdateCheck = 1630;
				LastUpgradeCheck = 1630;
				TargetAttributes = {
					EA3E8C932DC7D6C800964DE0 = {
						CreatedOnToolsVersion = 16.3;
					};
					EA3E8CA12DC7D6CD00964DE0 = {
						CreatedOnToolsVersion = 16.3;
						TestTargetID = EA3E8C932DC7D6C800964DE0;
					};
					EA3E8CAB2DC7D6CD00964DE0 = {
						CreatedOnToolsVersion = 16.3;
						TestTargetID = EA3E8C932DC7D6C800964DE0;
					};
				};
			};
			buildConfigurationList = EA3E8C8F2DC7D6C800964DE0 /* Build configuration list for PBXProject "KanbanLiteSnap" */;
			developmentRegion = en;
			hasScannedForEncodings = 0;
			knownRegions = (
				en,
				Base,
			);
			mainGroup = EA3E8C8B2DC7D6C800964DE0;
			minimizedProjectReferenceProxies = 1;
			preferredProjectObjectVersion = 77;
			productRefGroup = EA3E8C952DC7D6C800964DE0 /* Products */;
			projectDirPath = "";
			projectRoot = "";
			targets = (
				EA3E8C932DC7D6C800964DE0 /* KanbanLiteSnap */,
				EA3E8CA12DC7D6CD00964DE0 /* KanbanLiteSnapTests */,
				EA3E8CAB2DC7D6CD00964DE0 /* KanbanLiteSnapUITests */,
			);
		};
/* End PBXProject section */

/* Begin PBXResourcesBuildPhase section */
		EA3E8C922DC7D6C800964DE0 /* Resources */ = {
			isa = PBXResourcesBuildPhase;
			buildActionMask = 2147483647;
			files = (
				EA3E8CF42DC8169F00964DE0 /* TODO.md in Resources */,
			);
			runOnlyForDeploymentPostprocessing = 0;
		};
		EA3E8CA02DC7D6CD00964DE0 /* Resources */ = {
			isa = PBXResourcesBuildPhase;
			buildActionMask = 2147483647;
			files = (
			);
			runOnlyForDeploymentPostprocessing = 0;
		};
		EA3E8CAA2DC7D6CD00964DE0 /* Resources */ = {
			isa = PBXResourcesBuildPhase;
			buildActionMask = 2147483647;
			files = (
			);
			runOnlyForDeploymentPostprocessing = 0;
		};
/* End PBXResourcesBuildPhase section */

/* Begin PBXSourcesBuildPhase section */
		EA3E8C902DC7D6C800964DE0 /* Sources */ = {
			isa = PBXSourcesBuildPhase;
			buildActionMask = 2147483647;
			files = (
			);
			runOnlyForDeploymentPostprocessing = 0;
		};
		EA3E8C9E2DC7D6CD00964DE0 /* Sources */ = {
			isa = PBXSourcesBuildPhase;
			buildActionMask = 2147483647;
			files = (
			);
			runOnlyForDeploymentPostprocessing = 0;
		};
		EA3E8CA82DC7D6CD00964DE0 /* Sources */ = {
			isa = PBXSourcesBuildPhase;
			buildActionMask = 2147483647;
			files = (
			);
			runOnlyForDeploymentPostprocessing = 0;
		};
/* End PBXSourcesBuildPhase section */

/* Begin PBXTargetDependency section */
		EA3E8CA42DC7D6CD00964DE0 /* PBXTargetDependency */ = {
			isa = PBXTargetDependency;
			target = EA3E8C932DC7D6C800964DE0 /* KanbanLiteSnap */;
			targetProxy = EA3E8CA32DC7D6CD00964DE0 /* PBXContainerItemProxy */;
		};
		EA3E8CAE2DC7D6CD00964DE0 /* PBXTargetDependency */ = {
			isa = PBXTargetDependency;
			target = EA3E8C932DC7D6C800964DE0 /* KanbanLiteSnap */;
			targetProxy = EA3E8CAD2DC7D6CD00964DE0 /* PBXContainerItemProxy */;
		};
/* End PBXTargetDependency section */

/* Begin XCBuildConfiguration section */
		EA3E8CB42DC7D6CD00964DE0 /* Debug */ = {
			isa = XCBuildConfiguration;
			buildSettings = {
				ALWAYS_SEARCH_USER_PATHS = NO;
				ASSETCATALOG_COMPILER_GENERATE_SWIFT_ASSET_SYMBOL_EXTENSIONS = YES;
				CLANG_ANALYZER_NONNULL = YES;
				CLANG_ANALYZER_NUMBER_OBJECT_CONVERSION = YES_AGGRESSIVE;
				CLANG_CXX_LANGUAGE_STANDARD = "gnu++20";
				CLANG_ENABLE_MODULES = YES;
				CLANG_ENABLE_OBJC_ARC = YES;
				CLANG_ENABLE_OBJC_WEAK = YES;
				CLANG_WARN_BLOCK_CAPTURE_AUTORELEASING = YES;
				CLANG_WARN_BOOL_CONVERSION = YES;
				CLANG_WARN_COMMA = YES;
				CLANG_WARN_CONSTANT_CONVERSION = YES;
				CLANG_WARN_DEPRECATED_OBJC_IMPLEMENTATIONS = YES;
				CLANG_WARN_DIRECT_OBJC_ISA_USAGE = YES_ERROR;
				CLANG_WARN_DOCUMENTATION_COMMENTS = YES;
				CLANG_WARN_EMPTY_BODY = YES;
				CLANG_WARN_ENUM_CONVERSION = YES;
				CLANG_WARN_INFINITE_RECURSION = YES;
				CLANG_WARN_INT_CONVERSION = YES;
				CLANG_WARN_NON_LITERAL_NULL_CONVERSION = YES;
				CLANG_WARN_OBJC_IMPLICIT_RETAIN_SELF = YES;
				CLANG_WARN_OBJC_LITERAL_CONVERSION = YES;
				CLANG_WARN_OBJC_ROOT_CLASS = YES_ERROR;
				CLANG_WARN_QUOTED_INCLUDE_IN_FRAMEWORK_HEADER = YES;
				CLANG_WARN_RANGE_LOOP_ANALYSIS = YES;
				CLANG_WARN_STRICT_PROTOTYPES = YES;
				CLANG_WARN_SUSPICIOUS_MOVE = YES;
				CLANG_WARN_UNGUARDED_AVAILABILITY = YES_AGGRESSIVE;
				CLANG_WARN_UNREACHABLE_CODE = YES;
				CLANG_WARN__DUPLICATE_METHOD_MATCH = YES;
				COPY_PHASE_STRIP = NO;
				DEBUG_INFORMATION_FORMAT = dwarf;
				DEVELOPMENT_TEAM = JQSU333Z24;
				ENABLE_STRICT_OBJC_MSGSEND = YES;
				ENABLE_TESTABILITY = YES;
				ENABLE_USER_SCRIPT_SANDBOXING = YES;
				GCC_C_LANGUAGE_STANDARD = gnu17;
				GCC_DYNAMIC_NO_PIC = NO;
				GCC_NO_COMMON_BLOCKS = YES;
				GCC_OPTIMIZATION_LEVEL = 0;
				GCC_PREPROCESSOR_DEFINITIONS = (
					"DEBUG=1",
					"$(inherited)",
				);
				GCC_WARN_64_TO_32_BIT_CONVERSION = YES;
				GCC_WARN_ABOUT_RETURN_TYPE = YES_ERROR;
				GCC_WARN_UNDECLARED_SELECTOR = YES;
				GCC_WARN_UNINITIALIZED_AUTOS = YES_AGGRESSIVE;
				GCC_WARN_UNUSED_FUNCTION = YES;
				GCC_WARN_UNUSED_VARIABLE = YES;
				LOCALIZATION_PREFERS_STRING_CATALOGS = YES;
				MTL_ENABLE_DEBUG_INFO = INCLUDE_SOURCE;
				MTL_FAST_MATH = YES;
				ONLY_ACTIVE_ARCH = YES;
				SWIFT_ACTIVE_COMPILATION_CONDITIONS = "DEBUG $(inherited)";
				SWIFT_OPTIMIZATION_LEVEL = "-Onone";
			};
			name = Debug;
		};
		EA3E8CB52DC7D6CD00964DE0 /* Release */ = {
			isa = XCBuildConfiguration;
			buildSettings = {
				ALWAYS_SEARCH_USER_PATHS = NO;
				ASSETCATALOG_COMPILER_GENERATE_SWIFT_ASSET_SYMBOL_EXTENSIONS = YES;
				CLANG_ANALYZER_NONNULL = YES;
				CLANG_ANALYZER_NUMBER_OBJECT_CONVERSION = YES_AGGRESSIVE;
				CLANG_CXX_LANGUAGE_STANDARD = "gnu++20";
				CLANG_ENABLE_MODULES = YES;
				CLANG_ENABLE_OBJC_ARC = YES;
				CLANG_ENABLE_OBJC_WEAK = YES;
				CLANG_WARN_BLOCK_CAPTURE_AUTORELEASING = YES;
				CLANG_WARN_BOOL_CONVERSION = YES;
				CLANG_WARN_COMMA = YES;
				CLANG_WARN_CONSTANT_CONVERSION = YES;
				CLANG_WARN_DEPRECATED_OBJC_IMPLEMENTATIONS = YES;
				CLANG_WARN_DIRECT_OBJC_ISA_USAGE = YES_ERROR;
				CLANG_WARN_DOCUMENTATION_COMMENTS = YES;
				CLANG_WARN_EMPTY_BODY = YES;
				CLANG_WARN_ENUM_CONVERSION = YES;
				CLANG_WARN_INFINITE_RECURSION = YES;
				CLANG_WARN_INT_CONVERSION = YES;
				CLANG_WARN_NON_LITERAL_NULL_CONVERSION = YES;
				CLANG_WARN_OBJC_IMPLICIT_RETAIN_SELF = YES;
				CLANG_WARN_OBJC_LITERAL_CONVERSION = YES;
				CLANG_WARN_OBJC_ROOT_CLASS = YES_ERROR;
				CLANG_WARN_QUOTED_INCLUDE_IN_FRAMEWORK_HEADER = YES;
				CLANG_WARN_RANGE_LOOP_ANALYSIS = YES;
				CLANG_WARN_STRICT_PROTOTYPES = YES;
				CLANG_WARN_SUSPICIOUS_MOVE = YES;
				CLANG_WARN_UNGUARDED_AVAILABILITY = YES_AGGRESSIVE;
				CLANG_WARN_UNREACHABLE_CODE = YES;
				CLANG_WARN__DUPLICATE_METHOD_MATCH = YES;
				COPY_PHASE_STRIP = NO;
				DEBUG_INFORMATION_FORMAT = "dwarf-with-dsym";
				DEVELOPMENT_TEAM = JQSU333Z24;
				ENABLE_NS_ASSERTIONS = NO;
				ENABLE_STRICT_OBJC_MSGSEND = YES;
				ENABLE_USER_SCRIPT_SANDBOXING = YES;
				GCC_C_LANGUAGE_STANDARD = gnu17;
				GCC_NO_COMMON_BLOCKS = YES;
				GCC_WARN_64_TO_32_BIT_CONVERSION = YES;
				GCC_WARN_ABOUT_RETURN_TYPE = YES_ERROR;
				GCC_WARN_UNDECLARED_SELECTOR = YES;
				GCC_WARN_UNINITIALIZED_AUTOS = YES_AGGRESSIVE;
				GCC_WARN_UNUSED_FUNCTION = YES;
				GCC_WARN_UNUSED_VARIABLE = YES;
				LOCALIZATION_PREFERS_STRING_CATALOGS = YES;
				MTL_ENABLE_DEBUG_INFO = NO;
				MTL_FAST_MATH = YES;
				SWIFT_COMPILATION_MODE = wholemodule;
			};
			name = Release;
		};
		EA3E8CB72DC7D6CD00964DE0 /* Debug */ = {
			isa = XCBuildConfiguration;
			buildSettings = {
				ASSETCATALOG_COMPILER_APPICON_NAME = AppIcon;
				ASSETCATALOG_COMPILER_GLOBAL_ACCENT_COLOR_NAME = AccentColor;
				CODE_SIGN_ENTITLEMENTS = KanbanLiteSnap/KanbanLiteSnap.entitlements;
				CODE_SIGN_STYLE = Automatic;
				CURRENT_PROJECT_VERSION = 1;
				DEVELOPMENT_TEAM = JQSU333Z24;
				ENABLE_HARDENED_RUNTIME = YES;
				ENABLE_PREVIEWS = YES;
				GENERATE_INFOPLIST_FILE = YES;
				"INFOPLIST_KEY_UIApplicationSceneManifest_Generation[sdk=iphoneos*]" = YES;
				"INFOPLIST_KEY_UIApplicationSceneManifest_Generation[sdk=iphonesimulator*]" = YES;
				"INFOPLIST_KEY_UIApplicationSupportsIndirectInputEvents[sdk=iphoneos*]" = YES;
				"INFOPLIST_KEY_UIApplicationSupportsIndirectInputEvents[sdk=iphonesimulator*]" = YES;
				"INFOPLIST_KEY_UILaunchScreen_Generation[sdk=iphoneos*]" = YES;
				"INFOPLIST_KEY_UILaunchScreen_Generation[sdk=iphonesimulator*]" = YES;
				"INFOPLIST_KEY_UIStatusBarStyle[sdk=iphoneos*]" = UIStatusBarStyleDefault;
				"INFOPLIST_KEY_UIStatusBarStyle[sdk=iphonesimulator*]" = UIStatusBarStyleDefault;
				INFOPLIST_KEY_UISupportedInterfaceOrientations_iPad = "UIInterfaceOrientationPortrait UIInterfaceOrientationPortraitUpsideDown UIInterfaceOrientationLandscapeLeft UIInterfaceOrientationLandscapeRight";
				INFOPLIST_KEY_UISupportedInterfaceOrientations_iPhone = "UIInterfaceOrientationPortrait UIInterfaceOrientationLandscapeLeft UIInterfaceOrientationLandscapeRight";
				IPHONEOS_DEPLOYMENT_TARGET = 18.4;
				LD_RUNPATH_SEARCH_PATHS = "@executable_path/Frameworks";
				"LD_RUNPATH_SEARCH_PATHS[sdk=macosx*]" = "@executable_path/../Frameworks";
				MACOSX_DEPLOYMENT_TARGET = 15.4;
				MARKETING_VERSION = 1.0;
				PRODUCT_BUNDLE_IDENTIFIER = AJGB.KanbanLiteSnap;
				PRODUCT_NAME = "$(TARGET_NAME)";
				REGISTER_APP_GROUPS = YES;
				SDKROOT = auto;
				SUPPORTED_PLATFORMS = "iphoneos iphonesimulator macosx xros xrsimulator";
				SWIFT_EMIT_LOC_STRINGS = YES;
				SWIFT_VERSION = 5.0;
				TARGETED_DEVICE_FAMILY = "1,2,7";
				XROS_DEPLOYMENT_TARGET = 2.4;
			};
			name = Debug;
		};
		EA3E8CB82DC7D6CD00964DE0 /* Release */ = {
			isa = XCBuildConfiguration;
			buildSettings = {
				ASSETCATALOG_COMPILER_APPICON_NAME = AppIcon;
				ASSETCATALOG_COMPILER_GLOBAL_ACCENT_COLOR_NAME = AccentColor;
				CODE_SIGN_ENTITLEMENTS = KanbanLiteSnap/KanbanLiteSnap.entitlements;
				CODE_SIGN_STYLE = Automatic;
				CURRENT_PROJECT_VERSION = 1;
				DEVELOPMENT_TEAM = JQSU333Z24;
				ENABLE_HARDENED_RUNTIME = YES;
				ENABLE_PREVIEWS = YES;
				GENERATE_INFOPLIST_FILE = YES;
				"INFOPLIST_KEY_UIApplicationSceneManifest_Generation[sdk=iphoneos*]" = YES;
				"INFOPLIST_KEY_UIApplicationSceneManifest_Generation[sdk=iphonesimulator*]" = YES;
				"INFOPLIST_KEY_UIApplicationSupportsIndirectInputEvents[sdk=iphoneos*]" = YES;
				"INFOPLIST_KEY_UIApplicationSupportsIndirectInputEvents[sdk=iphonesimulator*]" = YES;
				"INFOPLIST_KEY_UILaunchScreen_Generation[sdk=iphoneos*]" = YES;
				"INFOPLIST_KEY_UILaunchScreen_Generation[sdk=iphonesimulator*]" = YES;
				"INFOPLIST_KEY_UIStatusBarStyle[sdk=iphoneos*]" = UIStatusBarStyleDefault;
				"INFOPLIST_KEY_UIStatusBarStyle[sdk=iphonesimulator*]" = UIStatusBarStyleDefault;
				INFOPLIST_KEY_UISupportedInterfaceOrientations_iPad = "UIInterfaceOrientationPortrait UIInterfaceOrientationPortraitUpsideDown UIInterfaceOrientationLandscapeLeft UIInterfaceOrientationLandscapeRight";
				INFOPLIST_KEY_UISupportedInterfaceOrientations_iPhone = "UIInterfaceOrientationPortrait UIInterfaceOrientationLandscapeLeft UIInterfaceOrientationLandscapeRight";
				IPHONEOS_DEPLOYMENT_TARGET = 18.4;
				LD_RUNPATH_SEARCH_PATHS = "@executable_path/Frameworks";
				"LD_RUNPATH_SEARCH_PATHS[sdk=macosx*]" = "@executable_path/../Frameworks";
				MACOSX_DEPLOYMENT_TARGET = 15.4;
				MARKETING_VERSION = 1.0;
				PRODUCT_BUNDLE_IDENTIFIER = AJGB.KanbanLiteSnap;
				PRODUCT_NAME = "$(TARGET_NAME)";
				REGISTER_APP_GROUPS = YES;
				SDKROOT = auto;
				SUPPORTED_PLATFORMS = "iphoneos iphonesimulator macosx xros xrsimulator";
				SWIFT_EMIT_LOC_STRINGS = YES;
				SWIFT_VERSION = 5.0;
				TARGETED_DEVICE_FAMILY = "1,2,7";
				XROS_DEPLOYMENT_TARGET = 2.4;
			};
			name = Release;
		};
		EA3E8CBA2DC7D6CD00964DE0 /* Debug */ = {
			isa = XCBuildConfiguration;
			buildSettings = {
				BUNDLE_LOADER = "$(TEST_HOST)";
				CODE_SIGN_STYLE = Automatic;
				CURRENT_PROJECT_VERSION = 1;
				DEVELOPMENT_TEAM = JQSU333Z24;
				GENERATE_INFOPLIST_FILE = YES;
				IPHONEOS_DEPLOYMENT_TARGET = 18.4;
				MACOSX_DEPLOYMENT_TARGET = 15.4;
				MARKETING_VERSION = 1.0;
				PRODUCT_BUNDLE_IDENTIFIER = "AJGB.Kanban-LiteSnapTests";
				PRODUCT_NAME = "$(TARGET_NAME)";
				SDKROOT = auto;
				SUPPORTED_PLATFORMS = "iphoneos iphonesimulator macosx xros xrsimulator";
				SWIFT_EMIT_LOC_STRINGS = NO;
				SWIFT_VERSION = 5.0;
				TARGETED_DEVICE_FAMILY = "1,2,7";
				TEST_HOST = "$(BUILT_PRODUCTS_DIR)/KanbanLiteSnap.app/$(BUNDLE_EXECUTABLE_FOLDER_PATH)/KanbanLiteSnap";
				XROS_DEPLOYMENT_TARGET = 2.4;
			};
			name = Debug;
		};
		EA3E8CBB2DC7D6CD00964DE0 /* Release */ = {
			isa = XCBuildConfiguration;
			buildSettings = {
				BUNDLE_LOADER = "$(TEST_HOST)";
				CODE_SIGN_STYLE = Automatic;
				CURRENT_PROJECT_VERSION = 1;
				DEVELOPMENT_TEAM = JQSU333Z24;
				GENERATE_INFOPLIST_FILE = YES;
				IPHONEOS_DEPLOYMENT_TARGET = 18.4;
				MACOSX_DEPLOYMENT_TARGET = 15.4;
				MARKETING_VERSION = 1.0;
				PRODUCT_BUNDLE_IDENTIFIER = "AJGB.Kanban-LiteSnapTests";
				PRODUCT_NAME = "$(TARGET_NAME)";
				SDKROOT = auto;
				SUPPORTED_PLATFORMS = "iphoneos iphonesimulator macosx xros xrsimulator";
				SWIFT_EMIT_LOC_STRINGS = NO;
				SWIFT_VERSION = 5.0;
				TARGETED_DEVICE_FAMILY = "1,2,7";
				TEST_HOST = "$(BUILT_PRODUCTS_DIR)/KanbanLiteSnap.app/$(BUNDLE_EXECUTABLE_FOLDER_PATH)/KanbanLiteSnap";
				XROS_DEPLOYMENT_TARGET = 2.4;
			};
			name = Release;
		};
		EA3E8CBD2DC7D6CD00964DE0 /* Debug */ = {
			isa = XCBuildConfiguration;
			buildSettings = {
				CODE_SIGN_STYLE = Automatic;
				CURRENT_PROJECT_VERSION = 1;
				DEVELOPMENT_TEAM = JQSU333Z24;
				GENERATE_INFOPLIST_FILE = YES;
				IPHONEOS_DEPLOYMENT_TARGET = 18.4;
				MACOSX_DEPLOYMENT_TARGET = 15.4;
				MARKETING_VERSION = 1.0;
				PRODUCT_BUNDLE_IDENTIFIER = "AJGB.Kanban-LiteSnapUITests";
				PRODUCT_NAME = "$(TARGET_NAME)";
				SDKROOT = auto;
				SUPPORTED_PLATFORMS = "iphoneos iphonesimulator macosx xros xrsimulator";
				SWIFT_EMIT_LOC_STRINGS = NO;
				SWIFT_VERSION = 5.0;
				TARGETED_DEVICE_FAMILY = "1,2,7";
				TEST_TARGET_NAME = "Kanban LiteSnap";
				XROS_DEPLOYMENT_TARGET = 2.4;
			};
			name = Debug;
		};
		EA3E8CBE2DC7D6CD00964DE0 /* Release */ = {
			isa = XCBuildConfiguration;
			buildSettings = {
				CODE_SIGN_STYLE = Automatic;
				CURRENT_PROJECT_VERSION = 1;
				DEVELOPMENT_TEAM = JQSU333Z24;
				GENERATE_INFOPLIST_FILE = YES;
				IPHONEOS_DEPLOYMENT_TARGET = 18.4;
				MACOSX_DEPLOYMENT_TARGET = 15.4;
				MARKETING_VERSION = 1.0;
				PRODUCT_BUNDLE_IDENTIFIER = "AJGB.Kanban-LiteSnapUITests";
				PRODUCT_NAME = "$(TARGET_NAME)";
				SDKROOT = auto;
				SUPPORTED_PLATFORMS = "iphoneos iphonesimulator macosx xros xrsimulator";
				SWIFT_EMIT_LOC_STRINGS = NO;
				SWIFT_VERSION = 5.0;
				TARGETED_DEVICE_FAMILY = "1,2,7";
				TEST_TARGET_NAME = "Kanban LiteSnap";
				XROS_DEPLOYMENT_TARGET = 2.4;
			};
			name = Release;
		};
/* End XCBuildConfiguration section */

/* Begin XCConfigurationList section */
		EA3E8C8F2DC7D6C800964DE0 /* Build configuration list for PBXProject "KanbanLiteSnap" */ = {
			isa = XCConfigurationList;
			buildConfigurations = (
				EA3E8CB42DC7D6CD00964DE0 /* Debug */,
				EA3E8CB52DC7D6CD00964DE0 /* Release */,
			);
			defaultConfigurationIsVisible = 0;
			defaultConfigurationName = Release;
		};
		EA3E8CB62DC7D6CD00964DE0 /* Build configuration list for PBXNativeTarget "KanbanLiteSnap" */ = {
			isa = XCConfigurationList;
			buildConfigurations = (
				EA3E8CB72DC7D6CD00964DE0 /* Debug */,
				EA3E8CB82DC7D6CD00964DE0 /* Release */,
			);
			defaultConfigurationIsVisible = 0;
			defaultConfigurationName = Release;
		};
		EA3E8CB92DC7D6CD00964DE0 /* Build configuration list for PBXNativeTarget "KanbanLiteSnapTests" */ = {
			isa = XCConfigurationList;
			buildConfigurations = (
				EA3E8CBA2DC7D6CD00964DE0 /* Debug */,
				EA3E8CBB2DC7D6CD00964DE0 /* Release */,
			);
			defaultConfigurationIsVisible = 0;
			defaultConfigurationName = Release;
		};
		EA3E8CBC2DC7D6CD00964DE0 /* Build configuration list for PBXNativeTarget "KanbanLiteSnapUITests" */ = {
			isa = XCConfigurationList;
			buildConfigurations = (
				EA3E8CBD2DC7D6CD00964DE0 /* Debug */,
				EA3E8CBE2DC7D6CD00964DE0 /* Release */,
			);
			defaultConfigurationIsVisible = 0;
			defaultConfigurationName = Release;
		};
/* End XCConfigurationList section */
	};
	rootObject = EA3E8C8C2DC7D6C800964DE0 /* Project object */;
}
